
Microsoft Visual Studio Solution File, Format Version 12.00
# Visual Studio Version 17
VisualStudioVersion = 17.3.32819.101
MinimumVisualStudioVersion = 10.0.40219.1
Project("{FAE04EC0-301F-11D3-BF4B-00C04F79EFBC}") = "VietMark", "VietMark\VietMark.csproj", "{6F1A6BF9-CA02-434E-B63F-445627306D22}"
EndProject
Project("{FAE04EC0-301F-11D3-BF4B-00C04F79EFBC}") = "Common", "Common\Common.csproj", "{43017052-A836-44FB-BE28-72B79788A856}"
EndProject
Global
	GlobalSection(SolutionConfigurationPlatforms) = preSolution
		Debug|Any CPU = Debug|Any CPU
		Release|Any CPU = Release|Any CPU
	EndGlobalSection
	GlobalSection(ProjectConfigurationPlatforms) = postSolution
		{6F1A6BF9-CA02-434E-B63F-445627306D22}.Debug|Any CPU.ActiveCfg = Debug|Any CPU
		{6F1A6BF9-CA02-434E-B63F-445627306D22}.Debug|Any CPU.Build.0 = Debug|Any CPU
		{6F1A6BF9-CA02-434E-B63F-445627306D22}.Release|Any CPU.ActiveCfg = Release|Any CPU
		{6F1A6BF9-CA02-434E-B63F-445627306D22}.Release|Any CPU.Build.0 = Release|Any CPU
		{43017052-A836-44FB-BE28-72B79788A856}.Debug|Any CPU.ActiveCfg = Debug|Any CPU
		{43017052-A836-44FB-BE28-72B79788A856}.Debug|Any CPU.Build.0 = Debug|Any CPU
		{43017052-A836-44FB-BE28-72B79788A856}.Release|Any CPU.ActiveCfg = Release|Any CPU
		{43017052-A836-44FB-BE28-72B79788A856}.Release|Any CPU.Build.0 = Release|Any CPU
	EndGlobalSection
	GlobalSection(SolutionProperties) = preSolution
		HideSolutionNode = FALSE
	EndGlobalSection
	GlobalSection(ExtensibilityGlobals) = postSolution
		SolutionGuid = {86897C11-C875-44CC-A374-47799524E77B}
	EndGlobalSection
EndGlobal
